{
  "markbot": "7a6361bcb00097cfeb68a583dc9e424855a16b941e3fe58e0cd09ff13f2402dd",
  "index-320.png": "5a3442c34b66cf5bc6e84c66a0cf83ade9d05ea0cb65783807b3518b36ab4fac",
  "index-400.png": "05efb48f88e9d8786b2e7a2d720d2a627a1c5af5da65dd372f8f11195baf00e2",
  "index-608.png": "8fd202cbc110bd3f7a5990a0830fca3a5cd952e4c7d7732369fd32917e7a7916",
  "index-960.png": "46e86ad616933406bc67d6692f300319024d89b58d0cba878927b7e4d750c6d7",
  "index-1440.png": "25c172d67ae1efc085ff5b85fc07f7b4beb26e3894e977fe63026f002752b5c0"
}