{
  "markbot": "1246af5648a56fbc3fc1cbaeb9af6e39b8896808a0cbaf30050c77dde0603802",
  "markbotignore": "030a4e6e1b3b6b510514a7ae54576e2c2ef762d56236c6414ef634955d96a126",
  "index-320.png": "ca7f68876bf92eb468bdb9d010ee4717f620972272291fa1a8d3061591b57e52",
  "index-400.png": "509ec0e9d7d93576bb11a90e36cd336e55e5ffab0d58811fe0daf86bf07c2b5b",
  "index-608.png": "a1ddd16ce6a659d40ddbd54e69cf22960d5122654640bd9074de50768afcfb29",
  "index-960.png": "dcf2582336957695e97665f7b3808630c7c9f3452c44c662b6fb37e898d49f28",
  "index-1440.png": "d2a055498863b66fe84399f0c3b221f75a165afbbee40de50cae44307720927d"
}